{
  "pins" : [
    {
      "identity" : "swiftformat",
      "kind" : "remoteSourceControl",
      "location" : "https://github.com/nicklockwood/SwiftFormat",
      "state" : {
        "revision" : "dbc9a4406d21cc52f16caf1e299172b097145e5e",
        "version" : "0.53.3"
      }
    }
  ],
  "version" : 2
}
