{
  "pins" : [
    {
      "identity" : "swiftformat",
      "kind" : "remoteSourceControl",
      "location" : "https://github.com/nicklockwood/SwiftFormat",
      "state" : {
        "revision" : "2d5a2b6bde636c1feae2c852ab9a50f221e98c66",
        "version" : "0.55.3"
      }
    }
  ],
  "version" : 2
}
